<?xml version="1.0" encoding="utf-8"?>
<Project ToolsVersion="4.0" xmlns="http://schemas.microsoft.com/developer/msbuild/2003">
  <ItemGroup>
    <Filter Include="Source Files">
      <UniqueIdentifier>{4FC737F1-C7A5-4376-A066-2A32D752A2FF}</UniqueIdentifier>
      <Extensions>cpp;c;cc;cxx;def;odl;idl;hpj;bat;asm;asmx</Extensions>
    </Filter>
    <Filter Include="Header Files">
      <UniqueIdentifier>{93995380-89BD-4b04-88EB-625FBE52EBFB}</UniqueIdentifier>
      <Extensions>h;hh;hpp;hxx;hm;inl;inc;xsd</Extensions>
    </Filter>
    <Filter Include="Resource Files">
      <UniqueIdentifier>{67DA6AB6-F800-4c08-8B7A-83BB121AAD01}</UniqueIdentifier>
      <Extensions>rc;ico;cur;bmp;dlg;rc2;rct;bin;rgs;gif;jpg;jpeg;jpe;resx;tiff;tif;png;wav;mfcribbon-ms</Extensions>
    </Filter>
    <Filter Include="main">
      <UniqueIdentifier>{70a2d1cd-0ab4-4bdb-bd9a-0177a4e48416}</UniqueIdentifier>
    </Filter>
    <Filter Include="Source Files\Btree">
      <UniqueIdentifier>{4348c129-00c2-4bf4-91d8-9fcecb168f45}</UniqueIdentifier>
    </Filter>
    <Filter Include="Source Files\Translators">
      <UniqueIdentifier>{0a60fcad-2a78-430b-89e1-7f71dd59a848}</UniqueIdentifier>
    </Filter>
    <Filter Include="Source Files\Rtree">
      <UniqueIdentifier>{2e53dace-2714-4990-9d48-1b52ccda5d63}</UniqueIdentifier>
    </Filter>
    <Filter Include="Source Files\Generators">
      <UniqueIdentifier>{c2281165-a12d-4fe5-9219-62c7794f1214}</UniqueIdentifier>
    </Filter>
    <Filter Include="Source Files\External libraries">
      <UniqueIdentifier>{9d9969b4-a67c-46ed-954c-c3d986ba67b6}</UniqueIdentifier>
    </Filter>
    <Filter Include="Source Files\External libraries\cereal">
      <UniqueIdentifier>{ee46a697-0437-4ca9-9512-c19c87faf93c}</UniqueIdentifier>
    </Filter>
    <Filter Include="Source Files\External libraries\cereal\archives">
      <UniqueIdentifier>{a10222fd-9d1e-4dbf-a715-36ce755445cd}</UniqueIdentifier>
    </Filter>
    <Filter Include="Source Files\External libraries\cereal\details">
      <UniqueIdentifier>{0892f351-2cc1-4f3a-b401-687ced62c2a7}</UniqueIdentifier>
    </Filter>
    <Filter Include="Source Files\External libraries\cereal\external">
      <UniqueIdentifier>{679229f5-647b-42fb-bc99-cc7741553a17}</UniqueIdentifier>
    </Filter>
  </ItemGroup>
  <ItemGroup>
    <Text Include="ReadMe.txt" />
  </ItemGroup>
  <ItemGroup>
    <ClInclude Include="stdafx.h">
      <Filter>Header Files</Filter>
    </ClInclude>
    <ClInclude Include="targetver.h">
      <Filter>Header Files</Filter>
    </ClInclude>
    <ClInclude Include="cCompleteBTree.h">
      <Filter>Source Files\Btree</Filter>
    </ClInclude>
    <ClInclude Include="cTranslatorCreate.h">
      <Filter>Source Files\Translators</Filter>
    </ClInclude>
    <ClInclude Include="cTranslatorIndex.h">
      <Filter>Source Files\Translators</Filter>
    </ClInclude>
    <ClInclude Include="cTypeOfTranslator.h">
      <Filter>Source Files\Translators</Filter>
    </ClInclude>
    <ClInclude Include="cTable.h">
      <Filter>Source Files</Filter>
    </ClInclude>
    <ClInclude Include="cColumn.h">
      <Filter>Source Files</Filter>
    </ClInclude>
    <ClInclude Include="cCompleteRTree.h">
      <Filter>Source Files\Rtree</Filter>
    </ClInclude>
    <ClInclude Include="cRecordGeneratorVar.h">
      <Filter>Source Files\Generators</Filter>
    </ClInclude>
    <ClInclude Include="cRecordGeneratorFix.h">
      <Filter>Source Files\Generators</Filter>
    </ClInclude>
    <ClInclude Include="cCompleteSeqArray.h">
      <Filter>Source Files</Filter>
    </ClInclude>
    <ClInclude Include="sSystemCatalog.h">
      <Filter>Source Files</Filter>
    </ClInclude>
    <ClInclude Include="..\cereal\archives\adapters.hpp">
      <Filter>Source Files\External libraries\cereal\archives</Filter>
    </ClInclude>
    <ClInclude Include="..\cereal\archives\binary.hpp">
      <Filter>Source Files\External libraries\cereal\archives</Filter>
    </ClInclude>
    <ClInclude Include="..\cereal\archives\json.hpp">
      <Filter>Source Files\External libraries\cereal\archives</Filter>
    </ClInclude>
    <ClInclude Include="..\cereal\archives\portable_binary.hpp">
      <Filter>Source Files\External libraries\cereal\archives</Filter>
    </ClInclude>
    <ClInclude Include="..\cereal\archives\xml.hpp">
      <Filter>Source Files\External libraries\cereal\archives</Filter>
    </ClInclude>
    <ClInclude Include="..\cereal\details\helpers.hpp">
      <Filter>Source Files\External libraries\cereal\details</Filter>
    </ClInclude>
    <ClInclude Include="..\cereal\details\polymorphic_impl.hpp">
      <Filter>Source Files\External libraries\cereal\details</Filter>
    </ClInclude>
    <ClInclude Include="..\cereal\details\polymorphic_impl_fwd.hpp">
      <Filter>Source Files\External libraries\cereal\details</Filter>
    </ClInclude>
    <ClInclude Include="..\cereal\details\static_object.hpp">
      <Filter>Source Files\External libraries\cereal\details</Filter>
    </ClInclude>
    <ClInclude Include="..\cereal\details\traits.hpp">
      <Filter>Source Files\External libraries\cereal\details</Filter>
    </ClInclude>
    <ClInclude Include="..\cereal\details\util.hpp">
      <Filter>Source Files\External libraries\cereal\details</Filter>
    </ClInclude>
    <ClInclude Include="..\cereal\access.hpp">
      <Filter>Source Files\External libraries\cereal</Filter>
    </ClInclude>
    <ClInclude Include="..\cereal\macros.hpp">
      <Filter>Source Files\External libraries\cereal</Filter>
    </ClInclude>
    <ClInclude Include="..\cereal\cereal.hpp">
      <Filter>Source Files\External libraries\cereal</Filter>
    </ClInclude>
  </ItemGroup>
  <ItemGroup>
    <ClCompile Include="DDL_Procesor.cpp">
      <Filter>main</Filter>
    </ClCompile>
    <ClCompile Include="stdafx.cpp">
      <Filter>main</Filter>
    </ClCompile>
  </ItemGroup>
</Project>